{
  "name": "@frankjoke/myadapter",
  "version": "1.2.6",
  "lockfileVersion": 1,
  "requires": true,
  "dependencies": {
    "@iobroker/adapter-core": {
      "version": "2.3.1",
      "resolved": "https://registry.npmjs.org/@iobroker/adapter-core/-/adapter-core-2.3.1.tgz",
      "integrity": "sha512-S5qIof7YuNGBubM69L10V05lbW/br7Q0qnGrR6CasJmAd6LJCOse9RR/KP06/OIXBBIlRfEocng9h3My4TCqkA==",
      "requires": {
        "@types/iobroker": "^3.0.4"
      }
    },
    "@types/iobroker": {
      "version": "3.0.4",
      "resolved": "https://registry.npmjs.org/@types/iobroker/-/iobroker-3.0.4.tgz",
      "integrity": "sha512-ZZnAk6AutVSrk+i+AiIFlCPuGouZEYxtI5OGZ91wFMvLWPjI0TJ2Fzmo/uaLWfrGO8p//5jSPZOvBW3WHhjNRw==",
      "requires": {
        "@types/node": "*"
      }
    },
    "@types/node": {
      "version": "13.11.1",
      "resolved": "https://registry.npmjs.org/@types/node/-/node-13.11.1.tgz",
      "integrity": "sha512-eWQGP3qtxwL8FGneRrC5DwrJLGN4/dH1clNTuLfN81HCrxVtxRjygDTUoZJ5ASlDEeo0ppYFQjQIlXhtXpOn6g=="
    }
  }
}
