{
  "name": "@frankjoke/myadapter",
  "version": "1.1.0",
  "lockfileVersion": 1,
  "requires": true,
  "dependencies": {
    "@iobroker/adapter-core": {
      "version": "1.0.3",
      "resolved": "https://registry.npmjs.org/@iobroker/adapter-core/-/adapter-core-1.0.3.tgz",
      "integrity": "sha512-qsTdSDKgu5WXXQpNTUCuCa/CQYuy1oiSSRT5RJuNhGFtArp2E3hNRB3l/idQEV9FYOL2myKJSVk25sBXKgvF6A==",
      "requires": {
        "@types/iobroker": "^1.4.3"
      }
    },
    "@types/iobroker": {
      "version": "1.4.10",
      "resolved": "https://registry.npmjs.org/@types/iobroker/-/iobroker-1.4.10.tgz",
      "integrity": "sha512-DcLej+wfl1Bh3Xv8KQGL6lbH0dWQhODM7f1agI/CVJA69ShWXt4MK4SUnG85ehWB0ju9iRPyXMyO+bIXjVyylg==",
      "requires": {
        "@types/node": "*"
      }
    },
    "@types/node": {
      "version": "11.12.2",
      "resolved": "https://registry.npmjs.org/@types/node/-/node-11.12.2.tgz",
      "integrity": "sha512-c82MtnqWB/CqqK7/zit74Ob8H1dBdV7bK+BcErwtXbe0+nUGkgzq5NTDmRW/pAv2lFtmeNmW95b0zK2hxpeklg=="
    }
  }
}
